// !$*UTF8*$!
{
	archiveVersion = 1;
	classes = {
	};
	objectVersion = 50;
	objects = {

/* Begin PBXBuildFile section */
		09203918228A6EA600B1F2BA /* VideoCaptureButton.swift in Sources */ = {isa = PBXBuildFile; fileRef = 09203917228A6EA600B1F2BA /* VideoCaptureButton.swift */; };
		0920391A228A989900B1F2BA /* CameraCaptureButton.swift in Sources */ = {isa = PBXBuildFile; fileRef = 09203919228A989900B1F2BA /* CameraCaptureButton.swift */; };
		09EDC8132287B28600ACF621 /* AppDelegate.swift in Sources */ = {isa = PBXBuildFile; fileRef = 09EDC8122287B28600ACF621 /* AppDelegate.swift */; };
		09EDC8152287B28600ACF621 /* ViewController.swift in Sources */ = {isa = PBXBuildFile; fileRef = 09EDC8142287B28600ACF621 /* ViewController.swift */; };
		09EDC81A2287B28700ACF621 /* Assets.xcassets in Resources */ = {isa = PBXBuildFile; fileRef = 09EDC8192287B28700ACF621 /* Assets.xcassets */; };
		09EDC81D2287B28700ACF621 /* LaunchScreen.storyboard in Resources */ = {isa = PBXBuildFile; fileRef = 09EDC81B2287B28700ACF621 /* LaunchScreen.storyboard */; };
		09EDC8252287BB2300ACF621 /* VideoPlayer.swift in Sources */ = {isa = PBXBuildFile; fileRef = 09EDC8242287BB2300ACF621 /* VideoPlayer.swift */; };
		09EDC8282287C65900ACF621 /* VideoLayer.swift in Sources */ = {isa = PBXBuildFile; fileRef = 09EDC8272287C65900ACF621 /* VideoLayer.swift */; };
		09EDC82A2287C68100ACF621 /* VideoPlayerDelegate.swift in Sources */ = {isa = PBXBuildFile; fileRef = 09EDC8292287C68100ACF621 /* VideoPlayerDelegate.swift */; };
		09EDC82E2287D42A00ACF621 /* Camera.swift in Sources */ = {isa = PBXBuildFile; fileRef = 09EDC82D2287D42A00ACF621 /* Camera.swift */; };
		09EDC8302287D99A00ACF621 /* VideoCamera.swift in Sources */ = {isa = PBXBuildFile; fileRef = 09EDC82F2287D99A00ACF621 /* VideoCamera.swift */; };
		09EDC8322287DD5600ACF621 /* PictureCamera.swift in Sources */ = {isa = PBXBuildFile; fileRef = 09EDC8312287DD5600ACF621 /* PictureCamera.swift */; };
		09EDC8342288006A00ACF621 /* VideoEditor.swift in Sources */ = {isa = PBXBuildFile; fileRef = 09EDC8332288006A00ACF621 /* VideoEditor.swift */; };
		09EDC8362288019500ACF621 /* VideoMerger.swift in Sources */ = {isa = PBXBuildFile; fileRef = 09EDC8352288019500ACF621 /* VideoMerger.swift */; };
		09EDC8382288040F00ACF621 /* FileManager.swift in Sources */ = {isa = PBXBuildFile; fileRef = 09EDC8372288040F00ACF621 /* FileManager.swift */; };
		09EDC83A2288056E00ACF621 /* VideoTransform.swift in Sources */ = {isa = PBXBuildFile; fileRef = 09EDC8392288056E00ACF621 /* VideoTransform.swift */; };
		09EDC83C228816E300ACF621 /* VideoReverser.swift in Sources */ = {isa = PBXBuildFile; fileRef = 09EDC83B228816E300ACF621 /* VideoReverser.swift */; };
		09EDC83E22881A2E00ACF621 /* StopMotion.swift in Sources */ = {isa = PBXBuildFile; fileRef = 09EDC83D22881A2E00ACF621 /* StopMotion.swift */; };
		09FF3185228BB90800AB9506 /* TimerObservable.swift in Sources */ = {isa = PBXBuildFile; fileRef = 09FF3184228BB90800AB9506 /* TimerObservable.swift */; };
/* End PBXBuildFile section */

/* Begin PBXFileReference section */
		09203917228A6EA600B1F2BA /* VideoCaptureButton.swift */ = {isa = PBXFileReference; lastKnownFileType = sourcecode.swift; path = VideoCaptureButton.swift; sourceTree = "<group>"; };
		09203919228A989900B1F2BA /* CameraCaptureButton.swift */ = {isa = PBXFileReference; lastKnownFileType = sourcecode.swift; path = CameraCaptureButton.swift; sourceTree = "<group>"; };
		09EDC80F2287B28600ACF621 /* CameraAndVideoEditor.app */ = {isa = PBXFileReference; explicitFileType = wrapper.application; includeInIndex = 0; path = CameraAndVideoEditor.app; sourceTree = BUILT_PRODUCTS_DIR; };
		09EDC8122287B28600ACF621 /* AppDelegate.swift */ = {isa = PBXFileReference; lastKnownFileType = sourcecode.swift; path = AppDelegate.swift; sourceTree = "<group>"; };
		09EDC8142287B28600ACF621 /* ViewController.swift */ = {isa = PBXFileReference; lastKnownFileType = sourcecode.swift; path = ViewController.swift; sourceTree = "<group>"; };
		09EDC8192287B28700ACF621 /* Assets.xcassets */ = {isa = PBXFileReference; lastKnownFileType = folder.assetcatalog; path = Assets.xcassets; sourceTree = "<group>"; };
		09EDC81C2287B28700ACF621 /* Base */ = {isa = PBXFileReference; lastKnownFileType = file.storyboard; name = Base; path = Base.lproj/LaunchScreen.storyboard; sourceTree = "<group>"; };
		09EDC81E2287B28700ACF621 /* Info.plist */ = {isa = PBXFileReference; lastKnownFileType = text.plist.xml; path = Info.plist; sourceTree = "<group>"; };
		09EDC8242287BB2300ACF621 /* VideoPlayer.swift */ = {isa = PBXFileReference; lastKnownFileType = sourcecode.swift; path = VideoPlayer.swift; sourceTree = "<group>"; };
		09EDC8272287C65900ACF621 /* VideoLayer.swift */ = {isa = PBXFileReference; lastKnownFileType = sourcecode.swift; path = VideoLayer.swift; sourceTree = "<group>"; };
		09EDC8292287C68100ACF621 /* VideoPlayerDelegate.swift */ = {isa = PBXFileReference; lastKnownFileType = sourcecode.swift; path = VideoPlayerDelegate.swift; sourceTree = "<group>"; };
		09EDC82D2287D42A00ACF621 /* Camera.swift */ = {isa = PBXFileReference; lastKnownFileType = sourcecode.swift; path = Camera.swift; sourceTree = "<group>"; };
		09EDC82F2287D99A00ACF621 /* VideoCamera.swift */ = {isa = PBXFileReference; lastKnownFileType = sourcecode.swift; path = VideoCamera.swift; sourceTree = "<group>"; };
		09EDC8312287DD5600ACF621 /* PictureCamera.swift */ = {isa = PBXFileReference; lastKnownFileType = sourcecode.swift; path = PictureCamera.swift; sourceTree = "<group>"; };
		09EDC8332288006A00ACF621 /* VideoEditor.swift */ = {isa = PBXFileReference; lastKnownFileType = sourcecode.swift; path = VideoEditor.swift; sourceTree = "<group>"; };
		09EDC8352288019500ACF621 /* VideoMerger.swift */ = {isa = PBXFileReference; lastKnownFileType = sourcecode.swift; path = VideoMerger.swift; sourceTree = "<group>"; };
		09EDC8372288040F00ACF621 /* FileManager.swift */ = {isa = PBXFileReference; lastKnownFileType = sourcecode.swift; path = FileManager.swift; sourceTree = "<group>"; };
		09EDC8392288056E00ACF621 /* VideoTransform.swift */ = {isa = PBXFileReference; lastKnownFileType = sourcecode.swift; path = VideoTransform.swift; sourceTree = "<group>"; };
		09EDC83B228816E300ACF621 /* VideoReverser.swift */ = {isa = PBXFileReference; lastKnownFileType = sourcecode.swift; path = VideoReverser.swift; sourceTree = "<group>"; };
		09EDC83D22881A2E00ACF621 /* StopMotion.swift */ = {isa = PBXFileReference; lastKnownFileType = sourcecode.swift; path = StopMotion.swift; sourceTree = "<group>"; };
		09FF3184228BB90800AB9506 /* TimerObservable.swift */ = {isa = PBXFileReference; lastKnownFileType = sourcecode.swift; path = TimerObservable.swift; sourceTree = "<group>"; };
/* End PBXFileReference section */

/* Begin PBXFrameworksBuildPhase section */
		09EDC80C2287B28600ACF621 /* Frameworks */ = {
			isa = PBXFrameworksBuildPhase;
			buildActionMask = 2147483647;
			files = (
			);
			runOnlyForDeploymentPostprocessing = 0;
		};
/* End PBXFrameworksBuildPhase section */

/* Begin PBXGroup section */
		09203916228A6E0E00B1F2BA /* CaptureButton */ = {
			isa = PBXGroup;
			children = (
				09203917228A6EA600B1F2BA /* VideoCaptureButton.swift */,
				09203919228A989900B1F2BA /* CameraCaptureButton.swift */,
			);
			path = CaptureButton;
			sourceTree = "<group>";
		};
		09EDC8062287B28600ACF621 = {
			isa = PBXGroup;
			children = (
				09EDC8112287B28600ACF621 /* CameraAndVideoEditor */,
				09EDC8102287B28600ACF621 /* Products */,
			);
			sourceTree = "<group>";
		};
		09EDC8102287B28600ACF621 /* Products */ = {
			isa = PBXGroup;
			children = (
				09EDC80F2287B28600ACF621 /* CameraAndVideoEditor.app */,
			);
			name = Products;
			sourceTree = "<group>";
		};
		09EDC8112287B28600ACF621 /* CameraAndVideoEditor */ = {
			isa = PBXGroup;
			children = (
				09203916228A6E0E00B1F2BA /* CaptureButton */,
				09EDC82C2287C76600ACF621 /* Camera */,
				09EDC82B2287C73400ACF621 /* VideoEditor */,
				09EDC8262287C62D00ACF621 /* VideoPlayer */,
				09EDC8122287B28600ACF621 /* AppDelegate.swift */,
				09EDC8142287B28600ACF621 /* ViewController.swift */,
				09EDC8192287B28700ACF621 /* Assets.xcassets */,
				09EDC81B2287B28700ACF621 /* LaunchScreen.storyboard */,
				09EDC81E2287B28700ACF621 /* Info.plist */,
			);
			path = CameraAndVideoEditor;
			sourceTree = "<group>";
		};
		09EDC8262287C62D00ACF621 /* VideoPlayer */ = {
			isa = PBXGroup;
			children = (
				09EDC8242287BB2300ACF621 /* VideoPlayer.swift */,
				09EDC8272287C65900ACF621 /* VideoLayer.swift */,
				09EDC8292287C68100ACF621 /* VideoPlayerDelegate.swift */,
			);
			path = VideoPlayer;
			sourceTree = "<group>";
		};
		09EDC82B2287C73400ACF621 /* VideoEditor */ = {
			isa = PBXGroup;
			children = (
				09EDC8332288006A00ACF621 /* VideoEditor.swift */,
				09EDC8352288019500ACF621 /* VideoMerger.swift */,
				09EDC8372288040F00ACF621 /* FileManager.swift */,
				09EDC8392288056E00ACF621 /* VideoTransform.swift */,
				09EDC83B228816E300ACF621 /* VideoReverser.swift */,
				09EDC83D22881A2E00ACF621 /* StopMotion.swift */,
			);
			path = VideoEditor;
			sourceTree = "<group>";
		};
		09EDC82C2287C76600ACF621 /* Camera */ = {
			isa = PBXGroup;
			children = (
				09EDC82D2287D42A00ACF621 /* Camera.swift */,
				09EDC82F2287D99A00ACF621 /* VideoCamera.swift */,
				09EDC8312287DD5600ACF621 /* PictureCamera.swift */,
				09FF3184228BB90800AB9506 /* TimerObservable.swift */,
			);
			path = Camera;
			sourceTree = "<group>";
		};
/* End PBXGroup section */

/* Begin PBXNativeTarget section */
		09EDC80E2287B28600ACF621 /* CameraAndVideoEditor */ = {
			isa = PBXNativeTarget;
			buildConfigurationList = 09EDC8212287B28700ACF621 /* Build configuration list for PBXNativeTarget "CameraAndVideoEditor" */;
			buildPhases = (
				09EDC80B2287B28600ACF621 /* Sources */,
				09EDC80C2287B28600ACF621 /* Frameworks */,
				09EDC80D2287B28600ACF621 /* Resources */,
			);
			buildRules = (
			);
			dependencies = (
			);
			name = CameraAndVideoEditor;
			productName = CameraAndVideoEditor;
			productReference = 09EDC80F2287B28600ACF621 /* CameraAndVideoEditor.app */;
			productType = "com.apple.product-type.application";
		};
/* End PBXNativeTarget section */

/* Begin PBXProject section */
		09EDC8072287B28600ACF621 /* Project object */ = {
			isa = PBXProject;
			attributes = {
				LastSwiftUpdateCheck = 1020;
				LastUpgradeCheck = 1020;
				ORGANIZATIONNAME = "Tanamet Tanasinpatcharakul";
				TargetAttributes = {
					09EDC80E2287B28600ACF621 = {
						CreatedOnToolsVersion = 10.2.1;
					};
				};
			};
			buildConfigurationList = 09EDC80A2287B28600ACF621 /* Build configuration list for PBXProject "CameraAndVideoEditor" */;
			compatibilityVersion = "Xcode 9.3";
			developmentRegion = en;
			hasScannedForEncodings = 0;
			knownRegions = (
				en,
				Base,
			);
			mainGroup = 09EDC8062287B28600ACF621;
			productRefGroup = 09EDC8102287B28600ACF621 /* Products */;
			projectDirPath = "";
			projectRoot = "";
			targets = (
				09EDC80E2287B28600ACF621 /* CameraAndVideoEditor */,
			);
		};
/* End PBXProject section */

/* Begin PBXResourcesBuildPhase section */
		09EDC80D2287B28600ACF621 /* Resources */ = {
			isa = PBXResourcesBuildPhase;
			buildActionMask = 2147483647;
			files = (
				09EDC81D2287B28700ACF621 /* LaunchScreen.storyboard in Resources */,
				09EDC81A2287B28700ACF621 /* Assets.xcassets in Resources */,
			);
			runOnlyForDeploymentPostprocessing = 0;
		};
/* End PBXResourcesBuildPhase section */

/* Begin PBXSourcesBuildPhase section */
		09EDC80B2287B28600ACF621 /* Sources */ = {
			isa = PBXSourcesBuildPhase;
			buildActionMask = 2147483647;
			files = (
				09EDC83C228816E300ACF621 /* VideoReverser.swift in Sources */,
				09EDC8152287B28600ACF621 /* ViewController.swift in Sources */,
				09EDC8362288019500ACF621 /* VideoMerger.swift in Sources */,
				09FF3185228BB90800AB9506 /* TimerObservable.swift in Sources */,
				09EDC8342288006A00ACF621 /* VideoEditor.swift in Sources */,
				09EDC82A2287C68100ACF621 /* VideoPlayerDelegate.swift in Sources */,
				09EDC8302287D99A00ACF621 /* VideoCamera.swift in Sources */,
				09EDC8322287DD5600ACF621 /* PictureCamera.swift in Sources */,
				09EDC82E2287D42A00ACF621 /* Camera.swift in Sources */,
				09EDC8382288040F00ACF621 /* FileManager.swift in Sources */,
				09EDC8132287B28600ACF621 /* AppDelegate.swift in Sources */,
				09EDC8252287BB2300ACF621 /* VideoPlayer.swift in Sources */,
				09EDC83A2288056E00ACF621 /* VideoTransform.swift in Sources */,
				09203918228A6EA600B1F2BA /* VideoCaptureButton.swift in Sources */,
				0920391A228A989900B1F2BA /* CameraCaptureButton.swift in Sources */,
				09EDC8282287C65900ACF621 /* VideoLayer.swift in Sources */,
				09EDC83E22881A2E00ACF621 /* StopMotion.swift in Sources */,
			);
			runOnlyForDeploymentPostprocessing = 0;
		};
/* End PBXSourcesBuildPhase section */

/* Begin PBXVariantGroup section */
		09EDC81B2287B28700ACF621 /* LaunchScreen.storyboard */ = {
			isa = PBXVariantGroup;
			children = (
				09EDC81C2287B28700ACF621 /* Base */,
			);
			name = LaunchScreen.storyboard;
			sourceTree = "<group>";
		};
/* End PBXVariantGroup section */

/* Begin XCBuildConfiguration section */
		09EDC81F2287B28700ACF621 /* Debug */ = {
			isa = XCBuildConfiguration;
			buildSettings = {
				ALWAYS_SEARCH_USER_PATHS = NO;
				CLANG_ANALYZER_NONNULL = YES;
				CLANG_ANALYZER_NUMBER_OBJECT_CONVERSION = YES_AGGRESSIVE;
				CLANG_CXX_LANGUAGE_STANDARD = "gnu++14";
				CLANG_CXX_LIBRARY = "libc++";
				CLANG_ENABLE_MODULES = YES;
				CLANG_ENABLE_OBJC_ARC = YES;
				CLANG_ENABLE_OBJC_WEAK = YES;
				CLANG_WARN_BLOCK_CAPTURE_AUTORELEASING = YES;
				CLANG_WARN_BOOL_CONVERSION = YES;
				CLANG_WARN_COMMA = YES;
				CLANG_WARN_CONSTANT_CONVERSION = YES;
				CLANG_WARN_DEPRECATED_OBJC_IMPLEMENTATIONS = YES;
				CLANG_WARN_DIRECT_OBJC_ISA_USAGE = YES_ERROR;
				CLANG_WARN_DOCUMENTATION_COMMENTS = YES;
				CLANG_WARN_EMPTY_BODY = YES;
				CLANG_WARN_ENUM_CONVERSION = YES;
				CLANG_WARN_INFINITE_RECURSION = YES;
				CLANG_WARN_INT_CONVERSION = YES;
				CLANG_WARN_NON_LITERAL_NULL_CONVERSION = YES;
				CLANG_WARN_OBJC_IMPLICIT_RETAIN_SELF = YES;
				CLANG_WARN_OBJC_LITERAL_CONVERSION = YES;
				CLANG_WARN_OBJC_ROOT_CLASS = YES_ERROR;
				CLANG_WARN_RANGE_LOOP_ANALYSIS = YES;
				CLANG_WARN_STRICT_PROTOTYPES = YES;
				CLANG_WARN_SUSPICIOUS_MOVE = YES;
				CLANG_WARN_UNGUARDED_AVAILABILITY = YES_AGGRESSIVE;
				CLANG_WARN_UNREACHABLE_CODE = YES;
				CLANG_WARN__DUPLICATE_METHOD_MATCH = YES;
				CODE_SIGN_IDENTITY = "iPhone Developer";
				COPY_PHASE_STRIP = NO;
				DEBUG_INFORMATION_FORMAT = dwarf;
				ENABLE_STRICT_OBJC_MSGSEND = YES;
				ENABLE_TESTABILITY = YES;
				GCC_C_LANGUAGE_STANDARD = gnu11;
				GCC_DYNAMIC_NO_PIC = NO;
				GCC_NO_COMMON_BLOCKS = YES;
				GCC_OPTIMIZATION_LEVEL = 0;
				GCC_PREPROCESSOR_DEFINITIONS = (
					"DEBUG=1",
					"$(inherited)",
				);
				GCC_WARN_64_TO_32_BIT_CONVERSION = YES;
				GCC_WARN_ABOUT_RETURN_TYPE = YES_ERROR;
				GCC_WARN_UNDECLARED_SELECTOR = YES;
				GCC_WARN_UNINITIALIZED_AUTOS = YES_AGGRESSIVE;
				GCC_WARN_UNUSED_FUNCTION = YES;
				GCC_WARN_UNUSED_VARIABLE = YES;
				IPHONEOS_DEPLOYMENT_TARGET = 12.2;
				MTL_ENABLE_DEBUG_INFO = INCLUDE_SOURCE;
				MTL_FAST_MATH = YES;
				ONLY_ACTIVE_ARCH = YES;
				SDKROOT = iphoneos;
				SWIFT_ACTIVE_COMPILATION_CONDITIONS = DEBUG;
				SWIFT_OPTIMIZATION_LEVEL = "-Onone";
			};
			name = Debug;
		};
		09EDC8202287B28700ACF621 /* Release */ = {
			isa = XCBuildConfiguration;
			buildSettings = {
				ALWAYS_SEARCH_USER_PATHS = NO;
				CLANG_ANALYZER_NONNULL = YES;
				CLANG_ANALYZER_NUMBER_OBJECT_CONVERSION = YES_AGGRESSIVE;
				CLANG_CXX_LANGUAGE_STANDARD = "gnu++14";
				CLANG_CXX_LIBRARY = "libc++";
				CLANG_ENABLE_MODULES = YES;
				CLANG_ENABLE_OBJC_ARC = YES;
				CLANG_ENABLE_OBJC_WEAK = YES;
				CLANG_WARN_BLOCK_CAPTURE_AUTORELEASING = YES;
				CLANG_WARN_BOOL_CONVERSION = YES;
				CLANG_WARN_COMMA = YES;
				CLANG_WARN_CONSTANT_CONVERSION = YES;
				CLANG_WARN_DEPRECATED_OBJC_IMPLEMENTATIONS = YES;
				CLANG_WARN_DIRECT_OBJC_ISA_USAGE = YES_ERROR;
				CLANG_WARN_DOCUMENTATION_COMMENTS = YES;
				CLANG_WARN_EMPTY_BODY = YES;
				CLANG_WARN_ENUM_CONVERSION = YES;
				CLANG_WARN_INFINITE_RECURSION = YES;
				CLANG_WARN_INT_CONVERSION = YES;
				CLANG_WARN_NON_LITERAL_NULL_CONVERSION = YES;
				CLANG_WARN_OBJC_IMPLICIT_RETAIN_SELF = YES;
				CLANG_WARN_OBJC_LITERAL_CONVERSION = YES;
				CLANG_WARN_OBJC_ROOT_CLASS = YES_ERROR;
				CLANG_WARN_RANGE_LOOP_ANALYSIS = YES;
				CLANG_WARN_STRICT_PROTOTYPES = YES;
				CLANG_WARN_SUSPICIOUS_MOVE = YES;
				CLANG_WARN_UNGUARDED_AVAILABILITY = YES_AGGRESSIVE;
				CLANG_WARN_UNREACHABLE_CODE = YES;
				CLANG_WARN__DUPLICATE_METHOD_MATCH = YES;
				CODE_SIGN_IDENTITY = "iPhone Developer";
				COPY_PHASE_STRIP = NO;
				DEBUG_INFORMATION_FORMAT = "dwarf-with-dsym";
				ENABLE_NS_ASSERTIONS = NO;
				ENABLE_STRICT_OBJC_MSGSEND = YES;
				GCC_C_LANGUAGE_STANDARD = gnu11;
				GCC_NO_COMMON_BLOCKS = YES;
				GCC_WARN_64_TO_32_BIT_CONVERSION = YES;
				GCC_WARN_ABOUT_RETURN_TYPE = YES_ERROR;
				GCC_WARN_UNDECLARED_SELECTOR = YES;
				GCC_WARN_UNINITIALIZED_AUTOS = YES_AGGRESSIVE;
				GCC_WARN_UNUSED_FUNCTION = YES;
				GCC_WARN_UNUSED_VARIABLE = YES;
				IPHONEOS_DEPLOYMENT_TARGET = 12.2;
				MTL_ENABLE_DEBUG_INFO = NO;
				MTL_FAST_MATH = YES;
				SDKROOT = iphoneos;
				SWIFT_COMPILATION_MODE = wholemodule;
				SWIFT_OPTIMIZATION_LEVEL = "-O";
				VALIDATE_PRODUCT = YES;
			};
			name = Release;
		};
		09EDC8222287B28700ACF621 /* Debug */ = {
			isa = XCBuildConfiguration;
			buildSettings = {
				ASSETCATALOG_COMPILER_APPICON_NAME = AppIcon;
				CODE_SIGN_STYLE = Automatic;
				DEVELOPMENT_TEAM = 2X9GP6PXPZ;
				INFOPLIST_FILE = CameraAndVideoEditor/Info.plist;
				LD_RUNPATH_SEARCH_PATHS = (
					"$(inherited)",
					"@executable_path/Frameworks",
				);
				PRODUCT_BUNDLE_IDENTIFIER = goalise.CameraAndVideoEditor;
				PRODUCT_NAME = "$(TARGET_NAME)";
				SWIFT_VERSION = 5.0;
				TARGETED_DEVICE_FAMILY = "1,2";
			};
			name = Debug;
		};
		09EDC8232287B28700ACF621 /* Release */ = {
			isa = XCBuildConfiguration;
			buildSettings = {
				ASSETCATALOG_COMPILER_APPICON_NAME = AppIcon;
				CODE_SIGN_STYLE = Automatic;
				DEVELOPMENT_TEAM = 2X9GP6PXPZ;
				INFOPLIST_FILE = CameraAndVideoEditor/Info.plist;
				LD_RUNPATH_SEARCH_PATHS = (
					"$(inherited)",
					"@executable_path/Frameworks",
				);
				PRODUCT_BUNDLE_IDENTIFIER = goalise.CameraAndVideoEditor;
				PRODUCT_NAME = "$(TARGET_NAME)";
				SWIFT_VERSION = 5.0;
				TARGETED_DEVICE_FAMILY = "1,2";
			};
			name = Release;
		};
/* End XCBuildConfiguration section */

/* Begin XCConfigurationList section */
		09EDC80A2287B28600ACF621 /* Build configuration list for PBXProject "CameraAndVideoEditor" */ = {
			isa = XCConfigurationList;
			buildConfigurations = (
				09EDC81F2287B28700ACF621 /* Debug */,
				09EDC8202287B28700ACF621 /* Release */,
			);
			defaultConfigurationIsVisible = 0;
			defaultConfigurationName = Release;
		};
		09EDC8212287B28700ACF621 /* Build configuration list for PBXNativeTarget "CameraAndVideoEditor" */ = {
			isa = XCConfigurationList;
			buildConfigurations = (
				09EDC8222287B28700ACF621 /* Debug */,
				09EDC8232287B28700ACF621 /* Release */,
			);
			defaultConfigurationIsVisible = 0;
			defaultConfigurationName = Release;
		};
/* End XCConfigurationList section */
	};
	rootObject = 09EDC8072287B28600ACF621 /* Project object */;
}
